
Microsoft Visual Studio Solution File, Format Version 12.00
# Visual Studio Version 16
VisualStudioVersion = 16.0.31515.178
MinimumVisualStudioVersion = 10.0.40219.1
Project("{FAE04EC0-301F-11D3-BF4B-00C04F79EFBC}") = "6-SpeakerRecognition", "6-SpeakerRecognition\6-SpeakerRecognition.csproj", "{3DB65B9E-5662-4E0A-8FE6-47CB97EC9EC2}"
EndProject
Global
	GlobalSection(SolutionConfigurationPlatforms) = preSolution
		Debug|Any CPU = Debug|Any CPU
		Release|Any CPU = Release|Any CPU
	EndGlobalSection
	GlobalSection(ProjectConfigurationPlatforms) = postSolution
		{3DB65B9E-5662-4E0A-8FE6-47CB97EC9EC2}.Debug|Any CPU.ActiveCfg = Debug|Any CPU
		{3DB65B9E-5662-4E0A-8FE6-47CB97EC9EC2}.Debug|Any CPU.Build.0 = Debug|Any CPU
		{3DB65B9E-5662-4E0A-8FE6-47CB97EC9EC2}.Release|Any CPU.ActiveCfg = Release|Any CPU
		{3DB65B9E-5662-4E0A-8FE6-47CB97EC9EC2}.Release|Any CPU.Build.0 = Release|Any CPU
	EndGlobalSection
	GlobalSection(SolutionProperties) = preSolution
		HideSolutionNode = FALSE
	EndGlobalSection
	GlobalSection(ExtensibilityGlobals) = postSolution
		SolutionGuid = {CC640BFF-EB00-4D52-BF4D-F48F0126BB6D}
	EndGlobalSection
EndGlobal
