
Microsoft Visual Studio Solution File, Format Version 12.00
# Visual Studio Version 16
VisualStudioVersion = 16.0.31515.178
MinimumVisualStudioVersion = 10.0.40219.1
Project("{FAE04EC0-301F-11D3-BF4B-00C04F79EFBC}") = "7-ImageAnalysis", "7-ImageAnalysis\7-ImageAnalysis.csproj", "{49EA39D1-D017-44B7-BB30-F0EB42F276F0}"
EndProject
Global
	GlobalSection(SolutionConfigurationPlatforms) = preSolution
		Debug|Any CPU = Debug|Any CPU
		Release|Any CPU = Release|Any CPU
	EndGlobalSection
	GlobalSection(ProjectConfigurationPlatforms) = postSolution
		{49EA39D1-D017-44B7-BB30-F0EB42F276F0}.Debug|Any CPU.ActiveCfg = Debug|Any CPU
		{49EA39D1-D017-44B7-BB30-F0EB42F276F0}.Debug|Any CPU.Build.0 = Debug|Any CPU
		{49EA39D1-D017-44B7-BB30-F0EB42F276F0}.Release|Any CPU.ActiveCfg = Release|Any CPU
		{49EA39D1-D017-44B7-BB30-F0EB42F276F0}.Release|Any CPU.Build.0 = Release|Any CPU
	EndGlobalSection
	GlobalSection(SolutionProperties) = preSolution
		HideSolutionNode = FALSE
	EndGlobalSection
	GlobalSection(ExtensibilityGlobals) = postSolution
		SolutionGuid = {D000D79F-D2D8-4BBE-82B5-2C5A31819E9F}
	EndGlobalSection
EndGlobal
