
Microsoft Visual Studio Solution File, Format Version 12.00
# Visual Studio Version 16
VisualStudioVersion = 16.0.31410.357
MinimumVisualStudioVersion = 10.0.40219.1
Project("{FAE04EC0-301F-11D3-BF4B-00C04F79EFBC}") = "3-TextToSpeech", "3-TextToSpeech\3-TextToSpeech.csproj", "{E142809D-C3EF-4D7F-841B-6364D0BD4FFE}"
EndProject
Global
	GlobalSection(SolutionConfigurationPlatforms) = preSolution
		Debug|Any CPU = Debug|Any CPU
		Release|Any CPU = Release|Any CPU
	EndGlobalSection
	GlobalSection(ProjectConfigurationPlatforms) = postSolution
		{E142809D-C3EF-4D7F-841B-6364D0BD4FFE}.Debug|Any CPU.ActiveCfg = Debug|Any CPU
		{E142809D-C3EF-4D7F-841B-6364D0BD4FFE}.Debug|Any CPU.Build.0 = Debug|Any CPU
		{E142809D-C3EF-4D7F-841B-6364D0BD4FFE}.Release|Any CPU.ActiveCfg = Release|Any CPU
		{E142809D-C3EF-4D7F-841B-6364D0BD4FFE}.Release|Any CPU.Build.0 = Release|Any CPU
	EndGlobalSection
	GlobalSection(SolutionProperties) = preSolution
		HideSolutionNode = FALSE
	EndGlobalSection
	GlobalSection(ExtensibilityGlobals) = postSolution
		SolutionGuid = {29843171-B0EC-425F-9052-0DCF043D13E8}
	EndGlobalSection
EndGlobal
